// !$*UTF8*$!
{
	archiveVersion = 1;
	classes = {
	};
	objectVersion = 56;
	objects = {

/* Begin PBXBuildFile section */
		D30719BA298CF25000B07BB6 /* NoteTakingApp.swift in Sources */ = {isa = PBXBuildFile; fileRef = D30719B9298CF25000B07BB6 /* NoteTakingApp.swift */; };
		D30719BC298CF25000B07BB6 /* ContentView.swift in Sources */ = {isa = PBXBuildFile; fileRef = D30719BB298CF25000B07BB6 /* ContentView.swift */; };
		D30719BE298CF25100B07BB6 /* Assets.xcassets in Resources */ = {isa = PBXBuildFile; fileRef = D30719BD298CF25100B07BB6 /* Assets.xcassets */; };
		D30719C1298CF25100B07BB6 /* Preview Assets.xcassets in Resources */ = {isa = PBXBuildFile; fileRef = D30719C0298CF25100B07BB6 /* Preview Assets.xcassets */; };
		D30719CB298CF25100B07BB6 /* NoteTakingTests.swift in Sources */ = {isa = PBXBuildFile; fileRef = D30719CA298CF25100B07BB6 /* NoteTakingTests.swift */; };
		D30719D5298CF25100B07BB6 /* NoteTakingUITests.swift in Sources */ = {isa = PBXBuildFile; fileRef = D30719D4298CF25100B07BB6 /* NoteTakingUITests.swift */; };
		D30719D7298CF25100B07BB6 /* NoteTakingUITestsLaunchTests.swift in Sources */ = {isa = PBXBuildFile; fileRef = D30719D6298CF25100B07BB6 /* NoteTakingUITestsLaunchTests.swift */; };
		D30719E6298CF66300B07BB6 /* image.png in Resources */ = {isa = PBXBuildFile; fileRef = D30719E5298CF66300B07BB6 /* image.png */; };
		D30719E8298CF68600B07BB6 /* HomeView.swift in Sources */ = {isa = PBXBuildFile; fileRef = D30719E7298CF68600B07BB6 /* HomeView.swift */; };
		D30719EA298CF89000B07BB6 /* test.png in Resources */ = {isa = PBXBuildFile; fileRef = D30719E9298CF89000B07BB6 /* test.png */; };
		D30719EC298DF17000B07BB6 /* ContentViewModel.swift in Sources */ = {isa = PBXBuildFile; fileRef = D30719EB298DF17000B07BB6 /* ContentViewModel.swift */; };
		D335120929937148004AF8D5 /* LoginView.swift in Sources */ = {isa = PBXBuildFile; fileRef = D335120829937148004AF8D5 /* LoginView.swift */; };
		D335120B29937286004AF8D5 /* Color+Extension.swift in Sources */ = {isa = PBXBuildFile; fileRef = D335120A29937286004AF8D5 /* Color+Extension.swift */; };
		D335120D299374F4004AF8D5 /* SignUpView.swift in Sources */ = {isa = PBXBuildFile; fileRef = D335120C299374F4004AF8D5 /* SignUpView.swift */; };
		D335121129937D2C004AF8D5 /* WelcomeView.swift in Sources */ = {isa = PBXBuildFile; fileRef = D335121029937D2C004AF8D5 /* WelcomeView.swift */; };
		D335121329945A00004AF8D5 /* CreateNoteView.swift in Sources */ = {isa = PBXBuildFile; fileRef = D335121229945A00004AF8D5 /* CreateNoteView.swift */; };
		D33512152994826D004AF8D5 /* Note.swift in Sources */ = {isa = PBXBuildFile; fileRef = D33512142994826D004AF8D5 /* Note.swift */; };
/* End PBXBuildFile section */

/* Begin PBXContainerItemProxy section */
		D30719C7298CF25100B07BB6 /* PBXContainerItemProxy */ = {
			isa = PBXContainerItemProxy;
			containerPortal = D30719AE298CF25000B07BB6 /* Project object */;
			proxyType = 1;
			remoteGlobalIDString = D30719B5298CF25000B07BB6;
			remoteInfo = NoteTaking;
		};
		D30719D1298CF25100B07BB6 /* PBXContainerItemProxy */ = {
			isa = PBXContainerItemProxy;
			containerPortal = D30719AE298CF25000B07BB6 /* Project object */;
			proxyType = 1;
			remoteGlobalIDString = D30719B5298CF25000B07BB6;
			remoteInfo = NoteTaking;
		};
/* End PBXContainerItemProxy section */

/* Begin PBXFileReference section */
		D30719B6298CF25000B07BB6 /* NoteTaking.app */ = {isa = PBXFileReference; explicitFileType = wrapper.application; includeInIndex = 0; path = NoteTaking.app; sourceTree = BUILT_PRODUCTS_DIR; };
		D30719B9298CF25000B07BB6 /* NoteTakingApp.swift */ = {isa = PBXFileReference; lastKnownFileType = sourcecode.swift; path = NoteTakingApp.swift; sourceTree = "<group>"; };
		D30719BB298CF25000B07BB6 /* ContentView.swift */ = {isa = PBXFileReference; lastKnownFileType = sourcecode.swift; path = ContentView.swift; sourceTree = "<group>"; };
		D30719BD298CF25100B07BB6 /* Assets.xcassets */ = {isa = PBXFileReference; lastKnownFileType = folder.assetcatalog; path = Assets.xcassets; sourceTree = "<group>"; };
		D30719C0298CF25100B07BB6 /* Preview Assets.xcassets */ = {isa = PBXFileReference; lastKnownFileType = folder.assetcatalog; path = "Preview Assets.xcassets"; sourceTree = "<group>"; };
		D30719C6298CF25100B07BB6 /* NoteTakingTests.xctest */ = {isa = PBXFileReference; explicitFileType = wrapper.cfbundle; includeInIndex = 0; path = NoteTakingTests.xctest; sourceTree = BUILT_PRODUCTS_DIR; };
		D30719CA298CF25100B07BB6 /* NoteTakingTests.swift */ = {isa = PBXFileReference; lastKnownFileType = sourcecode.swift; path = NoteTakingTests.swift; sourceTree = "<group>"; };
		D30719D0298CF25100B07BB6 /* NoteTakingUITests.xctest */ = {isa = PBXFileReference; explicitFileType = wrapper.cfbundle; includeInIndex = 0; path = NoteTakingUITests.xctest; sourceTree = BUILT_PRODUCTS_DIR; };
		D30719D4298CF25100B07BB6 /* NoteTakingUITests.swift */ = {isa = PBXFileReference; lastKnownFileType = sourcecode.swift; path = NoteTakingUITests.swift; sourceTree = "<group>"; };
		D30719D6298CF25100B07BB6 /* NoteTakingUITestsLaunchTests.swift */ = {isa = PBXFileReference; lastKnownFileType = sourcecode.swift; path = NoteTakingUITestsLaunchTests.swift; sourceTree = "<group>"; };
		D30719E5298CF66300B07BB6 /* image.png */ = {isa = PBXFileReference; lastKnownFileType = image.png; path = image.png; sourceTree = "<group>"; };
		D30719E7298CF68600B07BB6 /* HomeView.swift */ = {isa = PBXFileReference; lastKnownFileType = sourcecode.swift; path = HomeView.swift; sourceTree = "<group>"; };
		D30719E9298CF89000B07BB6 /* test.png */ = {isa = PBXFileReference; lastKnownFileType = image.png; path = test.png; sourceTree = "<group>"; };
		D30719EB298DF17000B07BB6 /* ContentViewModel.swift */ = {isa = PBXFileReference; lastKnownFileType = sourcecode.swift; path = ContentViewModel.swift; sourceTree = "<group>"; };
		D335120829937148004AF8D5 /* LoginView.swift */ = {isa = PBXFileReference; lastKnownFileType = sourcecode.swift; path = LoginView.swift; sourceTree = "<group>"; };
		D335120A29937286004AF8D5 /* Color+Extension.swift */ = {isa = PBXFileReference; lastKnownFileType = sourcecode.swift; path = "Color+Extension.swift"; sourceTree = "<group>"; };
		D335120C299374F4004AF8D5 /* SignUpView.swift */ = {isa = PBXFileReference; lastKnownFileType = sourcecode.swift; path = SignUpView.swift; sourceTree = "<group>"; };
		D335121029937D2C004AF8D5 /* WelcomeView.swift */ = {isa = PBXFileReference; lastKnownFileType = sourcecode.swift; path = WelcomeView.swift; sourceTree = "<group>"; };
		D335121229945A00004AF8D5 /* CreateNoteView.swift */ = {isa = PBXFileReference; lastKnownFileType = sourcecode.swift; path = CreateNoteView.swift; sourceTree = "<group>"; };
		D33512142994826D004AF8D5 /* Note.swift */ = {isa = PBXFileReference; lastKnownFileType = sourcecode.swift; path = Note.swift; sourceTree = "<group>"; };
/* End PBXFileReference section */

/* Begin PBXFrameworksBuildPhase section */
		D30719B3298CF25000B07BB6 /* Frameworks */ = {
			isa = PBXFrameworksBuildPhase;
			buildActionMask = 2147483647;
			files = (
			);
			runOnlyForDeploymentPostprocessing = 0;
		};
		D30719C3298CF25100B07BB6 /* Frameworks */ = {
			isa = PBXFrameworksBuildPhase;
			buildActionMask = 2147483647;
			files = (
			);
			runOnlyForDeploymentPostprocessing = 0;
		};
		D30719CD298CF25100B07BB6 /* Frameworks */ = {
			isa = PBXFrameworksBuildPhase;
			buildActionMask = 2147483647;
			files = (
			);
			runOnlyForDeploymentPostprocessing = 0;
		};
/* End PBXFrameworksBuildPhase section */

/* Begin PBXGroup section */
		D30719AD298CF25000B07BB6 = {
			isa = PBXGroup;
			children = (
				D30719B8298CF25000B07BB6 /* NoteTaking */,
				D30719C9298CF25100B07BB6 /* NoteTakingTests */,
				D30719D3298CF25100B07BB6 /* NoteTakingUITests */,
				D30719B7298CF25000B07BB6 /* Products */,
			);
			sourceTree = "<group>";
		};
		D30719B7298CF25000B07BB6 /* Products */ = {
			isa = PBXGroup;
			children = (
				D30719B6298CF25000B07BB6 /* NoteTaking.app */,
				D30719C6298CF25100B07BB6 /* NoteTakingTests.xctest */,
				D30719D0298CF25100B07BB6 /* NoteTakingUITests.xctest */,
			);
			name = Products;
			sourceTree = "<group>";
		};
		D30719B8298CF25000B07BB6 /* NoteTaking */ = {
			isa = PBXGroup;
			children = (
				D30719B9298CF25000B07BB6 /* NoteTakingApp.swift */,
				D30719BB298CF25000B07BB6 /* ContentView.swift */,
				D335121029937D2C004AF8D5 /* WelcomeView.swift */,
				D335120A29937286004AF8D5 /* Color+Extension.swift */,
				D30719EB298DF17000B07BB6 /* ContentViewModel.swift */,
				D335121229945A00004AF8D5 /* CreateNoteView.swift */,
				D33512142994826D004AF8D5 /* Note.swift */,
				D30719E7298CF68600B07BB6 /* HomeView.swift */,
				D335120829937148004AF8D5 /* LoginView.swift */,
				D335120C299374F4004AF8D5 /* SignUpView.swift */,
				D30719E9298CF89000B07BB6 /* test.png */,
				D30719BD298CF25100B07BB6 /* Assets.xcassets */,
				D30719E5298CF66300B07BB6 /* image.png */,
				D30719BF298CF25100B07BB6 /* Preview Content */,
			);
			path = NoteTaking;
			sourceTree = "<group>";
		};
		D30719BF298CF25100B07BB6 /* Preview Content */ = {
			isa = PBXGroup;
			children = (
				D30719C0298CF25100B07BB6 /* Preview Assets.xcassets */,
			);
			path = "Preview Content";
			sourceTree = "<group>";
		};
		D30719C9298CF25100B07BB6 /* NoteTakingTests */ = {
			isa = PBXGroup;
			children = (
				D30719CA298CF25100B07BB6 /* NoteTakingTests.swift */,
			);
			path = NoteTakingTests;
			sourceTree = "<group>";
		};
		D30719D3298CF25100B07BB6 /* NoteTakingUITests */ = {
			isa = PBXGroup;
			children = (
				D30719D4298CF25100B07BB6 /* NoteTakingUITests.swift */,
				D30719D6298CF25100B07BB6 /* NoteTakingUITestsLaunchTests.swift */,
			);
			path = NoteTakingUITests;
			sourceTree = "<group>";
		};
/* End PBXGroup section */

/* Begin PBXNativeTarget section */
		D30719B5298CF25000B07BB6 /* NoteTaking */ = {
			isa = PBXNativeTarget;
			buildConfigurationList = D30719DA298CF25100B07BB6 /* Build configuration list for PBXNativeTarget "NoteTaking" */;
			buildPhases = (
				D30719B2298CF25000B07BB6 /* Sources */,
				D30719B3298CF25000B07BB6 /* Frameworks */,
				D30719B4298CF25000B07BB6 /* Resources */,
			);
			buildRules = (
			);
			dependencies = (
			);
			name = NoteTaking;
			productName = NoteTaking;
			productReference = D30719B6298CF25000B07BB6 /* NoteTaking.app */;
			productType = "com.apple.product-type.application";
		};
		D30719C5298CF25100B07BB6 /* NoteTakingTests */ = {
			isa = PBXNativeTarget;
			buildConfigurationList = D30719DD298CF25100B07BB6 /* Build configuration list for PBXNativeTarget "NoteTakingTests" */;
			buildPhases = (
				D30719C2298CF25100B07BB6 /* Sources */,
				D30719C3298CF25100B07BB6 /* Frameworks */,
				D30719C4298CF25100B07BB6 /* Resources */,
			);
			buildRules = (
			);
			dependencies = (
				D30719C8298CF25100B07BB6 /* PBXTargetDependency */,
			);
			name = NoteTakingTests;
			productName = NoteTakingTests;
			productReference = D30719C6298CF25100B07BB6 /* NoteTakingTests.xctest */;
			productType = "com.apple.product-type.bundle.unit-test";
		};
		D30719CF298CF25100B07BB6 /* NoteTakingUITests */ = {
			isa = PBXNativeTarget;
			buildConfigurationList = D30719E0298CF25100B07BB6 /* Build configuration list for PBXNativeTarget "NoteTakingUITests" */;
			buildPhases = (
				D30719CC298CF25100B07BB6 /* Sources */,
				D30719CD298CF25100B07BB6 /* Frameworks */,
				D30719CE298CF25100B07BB6 /* Resources */,
			);
			buildRules = (
			);
			dependencies = (
				D30719D2298CF25100B07BB6 /* PBXTargetDependency */,
			);
			name = NoteTakingUITests;
			productName = NoteTakingUITests;
			productReference = D30719D0298CF25100B07BB6 /* NoteTakingUITests.xctest */;
			productType = "com.apple.product-type.bundle.ui-testing";
		};
/* End PBXNativeTarget section */

/* Begin PBXProject section */
		D30719AE298CF25000B07BB6 /* Project object */ = {
			isa = PBXProject;
			attributes = {
				BuildIndependentTargetsInParallel = 1;
				LastSwiftUpdateCheck = 1420;
				LastUpgradeCheck = 1420;
				TargetAttributes = {
					D30719B5298CF25000B07BB6 = {
						CreatedOnToolsVersion = 14.2;
					};
					D30719C5298CF25100B07BB6 = {
						CreatedOnToolsVersion = 14.2;
						TestTargetID = D30719B5298CF25000B07BB6;
					};
					D30719CF298CF25100B07BB6 = {
						CreatedOnToolsVersion = 14.2;
						TestTargetID = D30719B5298CF25000B07BB6;
					};
				};
			};
			buildConfigurationList = D30719B1298CF25000B07BB6 /* Build configuration list for PBXProject "NoteTaking" */;
			compatibilityVersion = "Xcode 14.0";
			developmentRegion = en;
			hasScannedForEncodings = 0;
			knownRegions = (
				en,
				Base,
			);
			mainGroup = D30719AD298CF25000B07BB6;
			productRefGroup = D30719B7298CF25000B07BB6 /* Products */;
			projectDirPath = "";
			projectRoot = "";
			targets = (
				D30719B5298CF25000B07BB6 /* NoteTaking */,
				D30719C5298CF25100B07BB6 /* NoteTakingTests */,
				D30719CF298CF25100B07BB6 /* NoteTakingUITests */,
			);
		};
/* End PBXProject section */

/* Begin PBXResourcesBuildPhase section */
		D30719B4298CF25000B07BB6 /* Resources */ = {
			isa = PBXResourcesBuildPhase;
			buildActionMask = 2147483647;
			files = (
				D30719C1298CF25100B07BB6 /* Preview Assets.xcassets in Resources */,
				D30719BE298CF25100B07BB6 /* Assets.xcassets in Resources */,
				D30719E6298CF66300B07BB6 /* image.png in Resources */,
				D30719EA298CF89000B07BB6 /* test.png in Resources */,
			);
			runOnlyForDeploymentPostprocessing = 0;
		};
		D30719C4298CF25100B07BB6 /* Resources */ = {
			isa = PBXResourcesBuildPhase;
			buildActionMask = 2147483647;
			files = (
			);
			runOnlyForDeploymentPostprocessing = 0;
		};
		D30719CE298CF25100B07BB6 /* Resources */ = {
			isa = PBXResourcesBuildPhase;
			buildActionMask = 2147483647;
			files = (
			);
			runOnlyForDeploymentPostprocessing = 0;
		};
/* End PBXResourcesBuildPhase section */

/* Begin PBXSourcesBuildPhase section */
		D30719B2298CF25000B07BB6 /* Sources */ = {
			isa = PBXSourcesBuildPhase;
			buildActionMask = 2147483647;
			files = (
				D30719EC298DF17000B07BB6 /* ContentViewModel.swift in Sources */,
				D335120B29937286004AF8D5 /* Color+Extension.swift in Sources */,
				D335121329945A00004AF8D5 /* CreateNoteView.swift in Sources */,
				D30719E8298CF68600B07BB6 /* HomeView.swift in Sources */,
				D335121129937D2C004AF8D5 /* WelcomeView.swift in Sources */,
				D33512152994826D004AF8D5 /* Note.swift in Sources */,
				D335120D299374F4004AF8D5 /* SignUpView.swift in Sources */,
				D30719BC298CF25000B07BB6 /* ContentView.swift in Sources */,
				D335120929937148004AF8D5 /* LoginView.swift in Sources */,
				D30719BA298CF25000B07BB6 /* NoteTakingApp.swift in Sources */,
			);
			runOnlyForDeploymentPostprocessing = 0;
		};
		D30719C2298CF25100B07BB6 /* Sources */ = {
			isa = PBXSourcesBuildPhase;
			buildActionMask = 2147483647;
			files = (
				D30719CB298CF25100B07BB6 /* NoteTakingTests.swift in Sources */,
			);
			runOnlyForDeploymentPostprocessing = 0;
		};
		D30719CC298CF25100B07BB6 /* Sources */ = {
			isa = PBXSourcesBuildPhase;
			buildActionMask = 2147483647;
			files = (
				D30719D7298CF25100B07BB6 /* NoteTakingUITestsLaunchTests.swift in Sources */,
				D30719D5298CF25100B07BB6 /* NoteTakingUITests.swift in Sources */,
			);
			runOnlyForDeploymentPostprocessing = 0;
		};
/* End PBXSourcesBuildPhase section */

/* Begin PBXTargetDependency section */
		D30719C8298CF25100B07BB6 /* PBXTargetDependency */ = {
			isa = PBXTargetDependency;
			target = D30719B5298CF25000B07BB6 /* NoteTaking */;
			targetProxy = D30719C7298CF25100B07BB6 /* PBXContainerItemProxy */;
		};
		D30719D2298CF25100B07BB6 /* PBXTargetDependency */ = {
			isa = PBXTargetDependency;
			target = D30719B5298CF25000B07BB6 /* NoteTaking */;
			targetProxy = D30719D1298CF25100B07BB6 /* PBXContainerItemProxy */;
		};
/* End PBXTargetDependency section */

/* Begin XCBuildConfiguration section */
		D30719D8298CF25100B07BB6 /* Debug */ = {
			isa = XCBuildConfiguration;
			buildSettings = {
				ALWAYS_SEARCH_USER_PATHS = NO;
				CLANG_ANALYZER_NONNULL = YES;
				CLANG_ANALYZER_NUMBER_OBJECT_CONVERSION = YES_AGGRESSIVE;
				CLANG_CXX_LANGUAGE_STANDARD = "gnu++20";
				CLANG_ENABLE_MODULES = YES;
				CLANG_ENABLE_OBJC_ARC = YES;
				CLANG_ENABLE_OBJC_WEAK = YES;
				CLANG_WARN_BLOCK_CAPTURE_AUTORELEASING = YES;
				CLANG_WARN_BOOL_CONVERSION = YES;
				CLANG_WARN_COMMA = YES;
				CLANG_WARN_CONSTANT_CONVERSION = YES;
				CLANG_WARN_DEPRECATED_OBJC_IMPLEMENTATIONS = YES;
				CLANG_WARN_DIRECT_OBJC_ISA_USAGE = YES_ERROR;
				CLANG_WARN_DOCUMENTATION_COMMENTS = YES;
				CLANG_WARN_EMPTY_BODY = YES;
				CLANG_WARN_ENUM_CONVERSION = YES;
				CLANG_WARN_INFINITE_RECURSION = YES;
				CLANG_WARN_INT_CONVERSION = YES;
				CLANG_WARN_NON_LITERAL_NULL_CONVERSION = YES;
				CLANG_WARN_OBJC_IMPLICIT_RETAIN_SELF = YES;
				CLANG_WARN_OBJC_LITERAL_CONVERSION = YES;
				CLANG_WARN_OBJC_ROOT_CLASS = YES_ERROR;
				CLANG_WARN_QUOTED_INCLUDE_IN_FRAMEWORK_HEADER = YES;
				CLANG_WARN_RANGE_LOOP_ANALYSIS = YES;
				CLANG_WARN_STRICT_PROTOTYPES = YES;
				CLANG_WARN_SUSPICIOUS_MOVE = YES;
				CLANG_WARN_UNGUARDED_AVAILABILITY = YES_AGGRESSIVE;
				CLANG_WARN_UNREACHABLE_CODE = YES;
				CLANG_WARN__DUPLICATE_METHOD_MATCH = YES;
				COPY_PHASE_STRIP = NO;
				DEBUG_INFORMATION_FORMAT = dwarf;
				ENABLE_STRICT_OBJC_MSGSEND = YES;
				ENABLE_TESTABILITY = YES;
				GCC_C_LANGUAGE_STANDARD = gnu11;
				GCC_DYNAMIC_NO_PIC = NO;
				GCC_NO_COMMON_BLOCKS = YES;
				GCC_OPTIMIZATION_LEVEL = 0;
				GCC_PREPROCESSOR_DEFINITIONS = (
					"DEBUG=1",
					"$(inherited)",
				);
				GCC_WARN_64_TO_32_BIT_CONVERSION = YES;
				GCC_WARN_ABOUT_RETURN_TYPE = YES_ERROR;
				GCC_WARN_UNDECLARED_SELECTOR = YES;
				GCC_WARN_UNINITIALIZED_AUTOS = YES_AGGRESSIVE;
				GCC_WARN_UNUSED_FUNCTION = YES;
				GCC_WARN_UNUSED_VARIABLE = YES;
				IPHONEOS_DEPLOYMENT_TARGET = 16.2;
				MTL_ENABLE_DEBUG_INFO = INCLUDE_SOURCE;
				MTL_FAST_MATH = YES;
				ONLY_ACTIVE_ARCH = YES;
				SDKROOT = iphoneos;
				SWIFT_ACTIVE_COMPILATION_CONDITIONS = DEBUG;
				SWIFT_OPTIMIZATION_LEVEL = "-Onone";
			};
			name = Debug;
		};
		D30719D9298CF25100B07BB6 /* Release */ = {
			isa = XCBuildConfiguration;
			buildSettings = {
				ALWAYS_SEARCH_USER_PATHS = NO;
				CLANG_ANALYZER_NONNULL = YES;
				CLANG_ANALYZER_NUMBER_OBJECT_CONVERSION = YES_AGGRESSIVE;
				CLANG_CXX_LANGUAGE_STANDARD = "gnu++20";
				CLANG_ENABLE_MODULES = YES;
				CLANG_ENABLE_OBJC_ARC = YES;
				CLANG_ENABLE_OBJC_WEAK = YES;
				CLANG_WARN_BLOCK_CAPTURE_AUTORELEASING = YES;
				CLANG_WARN_BOOL_CONVERSION = YES;
				CLANG_WARN_COMMA = YES;
				CLANG_WARN_CONSTANT_CONVERSION = YES;
				CLANG_WARN_DEPRECATED_OBJC_IMPLEMENTATIONS = YES;
				CLANG_WARN_DIRECT_OBJC_ISA_USAGE = YES_ERROR;
				CLANG_WARN_DOCUMENTATION_COMMENTS = YES;
				CLANG_WARN_EMPTY_BODY = YES;
				CLANG_WARN_ENUM_CONVERSION = YES;
				CLANG_WARN_INFINITE_RECURSION = YES;
				CLANG_WARN_INT_CONVERSION = YES;
				CLANG_WARN_NON_LITERAL_NULL_CONVERSION = YES;
				CLANG_WARN_OBJC_IMPLICIT_RETAIN_SELF = YES;
				CLANG_WARN_OBJC_LITERAL_CONVERSION = YES;
				CLANG_WARN_OBJC_ROOT_CLASS = YES_ERROR;
				CLANG_WARN_QUOTED_INCLUDE_IN_FRAMEWORK_HEADER = YES;
				CLANG_WARN_RANGE_LOOP_ANALYSIS = YES;
				CLANG_WARN_STRICT_PROTOTYPES = YES;
				CLANG_WARN_SUSPICIOUS_MOVE = YES;
				CLANG_WARN_UNGUARDED_AVAILABILITY = YES_AGGRESSIVE;
				CLANG_WARN_UNREACHABLE_CODE = YES;
				CLANG_WARN__DUPLICATE_METHOD_MATCH = YES;
				COPY_PHASE_STRIP = NO;
				DEBUG_INFORMATION_FORMAT = "dwarf-with-dsym";
				ENABLE_NS_ASSERTIONS = NO;
				ENABLE_STRICT_OBJC_MSGSEND = YES;
				GCC_C_LANGUAGE_STANDARD = gnu11;
				GCC_NO_COMMON_BLOCKS = YES;
				GCC_WARN_64_TO_32_BIT_CONVERSION = YES;
				GCC_WARN_ABOUT_RETURN_TYPE = YES_ERROR;
				GCC_WARN_UNDECLARED_SELECTOR = YES;
				GCC_WARN_UNINITIALIZED_AUTOS = YES_AGGRESSIVE;
				GCC_WARN_UNUSED_FUNCTION = YES;
				GCC_WARN_UNUSED_VARIABLE = YES;
				IPHONEOS_DEPLOYMENT_TARGET = 16.2;
				MTL_ENABLE_DEBUG_INFO = NO;
				MTL_FAST_MATH = YES;
				SDKROOT = iphoneos;
				SWIFT_COMPILATION_MODE = wholemodule;
				SWIFT_OPTIMIZATION_LEVEL = "-O";
				VALIDATE_PRODUCT = YES;
			};
			name = Release;
		};
		D30719DB298CF25100B07BB6 /* Debug */ = {
			isa = XCBuildConfiguration;
			buildSettings = {
				ASSETCATALOG_COMPILER_APPICON_NAME = AppIcon;
				ASSETCATALOG_COMPILER_GLOBAL_ACCENT_COLOR_NAME = AccentColor;
				CODE_SIGN_STYLE = Automatic;
				CURRENT_PROJECT_VERSION = 1;
				DEVELOPMENT_ASSET_PATHS = "\"NoteTaking/Preview Content\"";
				DEVELOPMENT_TEAM = U496GYFZ39;
				ENABLE_PREVIEWS = YES;
				GENERATE_INFOPLIST_FILE = YES;
				INFOPLIST_KEY_UIApplicationSceneManifest_Generation = YES;
				INFOPLIST_KEY_UIApplicationSupportsIndirectInputEvents = YES;
				INFOPLIST_KEY_UILaunchScreen_Generation = YES;
				INFOPLIST_KEY_UISupportedInterfaceOrientations_iPad = "UIInterfaceOrientationPortrait UIInterfaceOrientationPortraitUpsideDown UIInterfaceOrientationLandscapeLeft UIInterfaceOrientationLandscapeRight";
				INFOPLIST_KEY_UISupportedInterfaceOrientations_iPhone = "UIInterfaceOrientationPortrait UIInterfaceOrientationLandscapeLeft UIInterfaceOrientationLandscapeRight";
				LD_RUNPATH_SEARCH_PATHS = (
					"$(inherited)",
					"@executable_path/Frameworks",
				);
				MARKETING_VERSION = 1.0;
				PRODUCT_BUNDLE_IDENTIFIER = com.tedtya.NoteTaking;
				PRODUCT_NAME = "$(TARGET_NAME)";
				SWIFT_EMIT_LOC_STRINGS = YES;
				SWIFT_VERSION = 5.0;
				TARGETED_DEVICE_FAMILY = "1,2";
			};
			name = Debug;
		};
		D30719DC298CF25100B07BB6 /* Release */ = {
			isa = XCBuildConfiguration;
			buildSettings = {
				ASSETCATALOG_COMPILER_APPICON_NAME = AppIcon;
				ASSETCATALOG_COMPILER_GLOBAL_ACCENT_COLOR_NAME = AccentColor;
				CODE_SIGN_STYLE = Automatic;
				CURRENT_PROJECT_VERSION = 1;
				DEVELOPMENT_ASSET_PATHS = "\"NoteTaking/Preview Content\"";
				DEVELOPMENT_TEAM = U496GYFZ39;
				ENABLE_PREVIEWS = YES;
				GENERATE_INFOPLIST_FILE = YES;
				INFOPLIST_KEY_UIApplicationSceneManifest_Generation = YES;
				INFOPLIST_KEY_UIApplicationSupportsIndirectInputEvents = YES;
				INFOPLIST_KEY_UILaunchScreen_Generation = YES;
				INFOPLIST_KEY_UISupportedInterfaceOrientations_iPad = "UIInterfaceOrientationPortrait UIInterfaceOrientationPortraitUpsideDown UIInterfaceOrientationLandscapeLeft UIInterfaceOrientationLandscapeRight";
				INFOPLIST_KEY_UISupportedInterfaceOrientations_iPhone = "UIInterfaceOrientationPortrait UIInterfaceOrientationLandscapeLeft UIInterfaceOrientationLandscapeRight";
				LD_RUNPATH_SEARCH_PATHS = (
					"$(inherited)",
					"@executable_path/Frameworks",
				);
				MARKETING_VERSION = 1.0;
				PRODUCT_BUNDLE_IDENTIFIER = com.tedtya.NoteTaking;
				PRODUCT_NAME = "$(TARGET_NAME)";
				SWIFT_EMIT_LOC_STRINGS = YES;
				SWIFT_VERSION = 5.0;
				TARGETED_DEVICE_FAMILY = "1,2";
			};
			name = Release;
		};
		D30719DE298CF25100B07BB6 /* Debug */ = {
			isa = XCBuildConfiguration;
			buildSettings = {
				ALWAYS_EMBED_SWIFT_STANDARD_LIBRARIES = YES;
				BUNDLE_LOADER = "$(TEST_HOST)";
				CODE_SIGN_STYLE = Automatic;
				CURRENT_PROJECT_VERSION = 1;
				DEVELOPMENT_TEAM = U496GYFZ39;
				GENERATE_INFOPLIST_FILE = YES;
				IPHONEOS_DEPLOYMENT_TARGET = 16.2;
				MARKETING_VERSION = 1.0;
				PRODUCT_BUNDLE_IDENTIFIER = com.tedtya.NoteTakingTests;
				PRODUCT_NAME = "$(TARGET_NAME)";
				SWIFT_EMIT_LOC_STRINGS = NO;
				SWIFT_VERSION = 5.0;
				TARGETED_DEVICE_FAMILY = "1,2";
				TEST_HOST = "$(BUILT_PRODUCTS_DIR)/NoteTaking.app/$(BUNDLE_EXECUTABLE_FOLDER_PATH)/NoteTaking";
			};
			name = Debug;
		};
		D30719DF298CF25100B07BB6 /* Release */ = {
			isa = XCBuildConfiguration;
			buildSettings = {
				ALWAYS_EMBED_SWIFT_STANDARD_LIBRARIES = YES;
				BUNDLE_LOADER = "$(TEST_HOST)";
				CODE_SIGN_STYLE = Automatic;
				CURRENT_PROJECT_VERSION = 1;
				DEVELOPMENT_TEAM = U496GYFZ39;
				GENERATE_INFOPLIST_FILE = YES;
				IPHONEOS_DEPLOYMENT_TARGET = 16.2;
				MARKETING_VERSION = 1.0;
				PRODUCT_BUNDLE_IDENTIFIER = com.tedtya.NoteTakingTests;
				PRODUCT_NAME = "$(TARGET_NAME)";
				SWIFT_EMIT_LOC_STRINGS = NO;
				SWIFT_VERSION = 5.0;
				TARGETED_DEVICE_FAMILY = "1,2";
				TEST_HOST = "$(BUILT_PRODUCTS_DIR)/NoteTaking.app/$(BUNDLE_EXECUTABLE_FOLDER_PATH)/NoteTaking";
			};
			name = Release;
		};
		D30719E1298CF25100B07BB6 /* Debug */ = {
			isa = XCBuildConfiguration;
			buildSettings = {
				ALWAYS_EMBED_SWIFT_STANDARD_LIBRARIES = YES;
				CODE_SIGN_STYLE = Automatic;
				CURRENT_PROJECT_VERSION = 1;
				DEVELOPMENT_TEAM = U496GYFZ39;
				GENERATE_INFOPLIST_FILE = YES;
				MARKETING_VERSION = 1.0;
				PRODUCT_BUNDLE_IDENTIFIER = com.tedtya.NoteTakingUITests;
				PRODUCT_NAME = "$(TARGET_NAME)";
				SWIFT_EMIT_LOC_STRINGS = NO;
				SWIFT_VERSION = 5.0;
				TARGETED_DEVICE_FAMILY = "1,2";
				TEST_TARGET_NAME = NoteTaking;
			};
			name = Debug;
		};
		D30719E2298CF25100B07BB6 /* Release */ = {
			isa = XCBuildConfiguration;
			buildSettings = {
				ALWAYS_EMBED_SWIFT_STANDARD_LIBRARIES = YES;
				CODE_SIGN_STYLE = Automatic;
				CURRENT_PROJECT_VERSION = 1;
				DEVELOPMENT_TEAM = U496GYFZ39;
				GENERATE_INFOPLIST_FILE = YES;
				MARKETING_VERSION = 1.0;
				PRODUCT_BUNDLE_IDENTIFIER = com.tedtya.NoteTakingUITests;
				PRODUCT_NAME = "$(TARGET_NAME)";
				SWIFT_EMIT_LOC_STRINGS = NO;
				SWIFT_VERSION = 5.0;
				TARGETED_DEVICE_FAMILY = "1,2";
				TEST_TARGET_NAME = NoteTaking;
			};
			name = Release;
		};
/* End XCBuildConfiguration section */

/* Begin XCConfigurationList section */
		D30719B1298CF25000B07BB6 /* Build configuration list for PBXProject "NoteTaking" */ = {
			isa = XCConfigurationList;
			buildConfigurations = (
				D30719D8298CF25100B07BB6 /* Debug */,
				D30719D9298CF25100B07BB6 /* Release */,
			);
			defaultConfigurationIsVisible = 0;
			defaultConfigurationName = Release;
		};
		D30719DA298CF25100B07BB6 /* Build configuration list for PBXNativeTarget "NoteTaking" */ = {
			isa = XCConfigurationList;
			buildConfigurations = (
				D30719DB298CF25100B07BB6 /* Debug */,
				D30719DC298CF25100B07BB6 /* Release */,
			);
			defaultConfigurationIsVisible = 0;
			defaultConfigurationName = Release;
		};
		D30719DD298CF25100B07BB6 /* Build configuration list for PBXNativeTarget "NoteTakingTests" */ = {
			isa = XCConfigurationList;
			buildConfigurations = (
				D30719DE298CF25100B07BB6 /* Debug */,
				D30719DF298CF25100B07BB6 /* Release */,
			);
			defaultConfigurationIsVisible = 0;
			defaultConfigurationName = Release;
		};
		D30719E0298CF25100B07BB6 /* Build configuration list for PBXNativeTarget "NoteTakingUITests" */ = {
			isa = XCConfigurationList;
			buildConfigurations = (
				D30719E1298CF25100B07BB6 /* Debug */,
				D30719E2298CF25100B07BB6 /* Release */,
			);
			defaultConfigurationIsVisible = 0;
			defaultConfigurationName = Release;
		};
/* End XCConfigurationList section */
	};
	rootObject = D30719AE298CF25000B07BB6 /* Project object */;
}
